{
  "version": "4",
  "specifiers": {
    "jsr:@std/assert@1": "1.0.6",
    "jsr:@std/internal@^1.0.4": "1.0.4"
  },
  "jsr": {
    "@std/assert@1.0.6": {
      "integrity": "1904c05806a25d94fe791d6d883b685c9e2dcd60e4f9fc30f4fc5cf010c72207",
      "dependencies": [
        "jsr:@std/internal"
      ]
    },
    "@std/internal@1.0.4": {
      "integrity": "62e8e4911527e5e4f307741a795c0b0a9e6958d0b3790716ae71ce085f755422"
    }
  },
  "redirects": {
    "https://deno.land/x/sqlite": "https://deno.land/x/sqlite@v3.9.1",
    "https://deno.land/x/sqlite/mod.ts": "https://deno.land/x/sqlite@v3.9.1/mod.ts"
  },
  "remote": {
    "https://deno.land/std@0.206.0/dotenv/mod.ts": "039468f5c87d39b69d7ca6c3d68ebca82f206ec0ff5e011d48205eea292ea5a6",
    "https://deno.land/x/sqlite@v3.6.0/build/sqlite.js": "43427a29955f6c816f850666b27670381d355c0993bf42030fb9e23af8c9a606",
    "https://deno.land/x/sqlite@v3.6.0/build/vfs.js": "08533cc78fb29b9d9bd62f6bb93e5ef333407013fed185776808f11223ba0e70",
    "https://deno.land/x/sqlite@v3.6.0/mod.ts": "6513822e792f9cd6f58a1d9041bd30926bc43f7eefaa98725d4e48e75f2f87cc",
    "https://deno.land/x/sqlite@v3.6.0/src/constants.ts": "d12aa4f7893c61281546aba911fdbf16d1bb185fc0310726d6f3ba1b32f176c0",
    "https://deno.land/x/sqlite@v3.6.0/src/db.ts": "9f640633b6bade0b7f2c05d02cd25c166b19f61658f7f42b0ae436955eff1cc4",
    "https://deno.land/x/sqlite@v3.6.0/src/error.ts": "f7a15cb00d7c3797da1aefee3cf86d23e0ae92e73f0ba3165496c3816ab9503a",
    "https://deno.land/x/sqlite@v3.6.0/src/function.ts": "e4c83b8ec64bf88bafad2407376b0c6a3b54e777593c70336fb40d43a79865f2",
    "https://deno.land/x/sqlite@v3.6.0/src/query.ts": "69895232360b4254a8834e3bbea30bc3752cf691dba862f4a393e7a41a2e30eb",
    "https://deno.land/x/sqlite@v3.6.0/src/wasm.ts": "e79d0baa6e42423257fb3c7cc98091c54399254867e0f34a09b5bdef37bd9487",
    "https://deno.land/x/sqlite@v3.7.0/build/sqlite.js": "cc55fef9cd124b2acb624899a5fad413834f4701bcfc21ac275844b822466292",
    "https://deno.land/x/sqlite@v3.7.0/build/vfs.js": "08533cc78fb29b9d9bd62f6bb93e5ef333407013fed185776808f11223ba0e70",
    "https://deno.land/x/sqlite@v3.7.0/mod.ts": "e09fc79d8065fe222578114b109b1fd60077bff1bb75448532077f784f4d6a83",
    "https://deno.land/x/sqlite@v3.7.0/src/constants.ts": "90f3be047ec0a89bcb5d6fc30db121685fc82cb00b1c476124ff47a4b0472aa9",
    "https://deno.land/x/sqlite@v3.7.0/src/db.ts": "87e3d222d00dd2e2827816a47976c6359996ab39e69c7f87855ea414585839c6",
    "https://deno.land/x/sqlite@v3.7.0/src/error.ts": "f7a15cb00d7c3797da1aefee3cf86d23e0ae92e73f0ba3165496c3816ab9503a",
    "https://deno.land/x/sqlite@v3.7.0/src/function.ts": "e4c83b8ec64bf88bafad2407376b0c6a3b54e777593c70336fb40d43a79865f2",
    "https://deno.land/x/sqlite@v3.7.0/src/query.ts": "69895232360b4254a8834e3bbea30bc3752cf691dba862f4a393e7a41a2e30eb",
    "https://deno.land/x/sqlite@v3.7.0/src/wasm.ts": "e79d0baa6e42423257fb3c7cc98091c54399254867e0f34a09b5bdef37bd9487",
    "https://deno.land/x/sqlite@v3.9.1/build/sqlite.js": "2afc7875c7b9c85d89730c4a311ab3a304e5d1bf761fbadd8c07bbdf130f5f9b",
    "https://deno.land/x/sqlite@v3.9.1/build/vfs.js": "7f7778a9fe499cd10738d6e43867340b50b67d3e39142b0065acd51a84cd2e03",
    "https://deno.land/x/sqlite@v3.9.1/mod.ts": "e09fc79d8065fe222578114b109b1fd60077bff1bb75448532077f784f4d6a83",
    "https://deno.land/x/sqlite@v3.9.1/src/constants.ts": "90f3be047ec0a89bcb5d6fc30db121685fc82cb00b1c476124ff47a4b0472aa9",
    "https://deno.land/x/sqlite@v3.9.1/src/db.ts": "03d0c860957496eadedd86e51a6e650670764630e64f56df0092e86c90752401",
    "https://deno.land/x/sqlite@v3.9.1/src/error.ts": "f7a15cb00d7c3797da1aefee3cf86d23e0ae92e73f0ba3165496c3816ab9503a",
    "https://deno.land/x/sqlite@v3.9.1/src/function.ts": "bc778cab7a6d771f690afa27264c524d22fcb96f1bb61959ade7922c15a4ab8d",
    "https://deno.land/x/sqlite@v3.9.1/src/query.ts": "d58abda928f6582d77bad685ecf551b1be8a15e8e38403e293ec38522e030cad",
    "https://deno.land/x/sqlite@v3.9.1/src/wasm.ts": "e79d0baa6e42423257fb3c7cc98091c54399254867e0f34a09b5bdef37bd9487",
    "https://deno.land/x/zod@v3.21.4/ZodError.ts": "4de18ff525e75a0315f2c12066b77b5c2ae18c7c15ef7df7e165d63536fdf2ea",
    "https://deno.land/x/zod@v3.21.4/errors.ts": "5285922d2be9700cc0c70c95e4858952b07ae193aa0224be3cbd5cd5567eabef",
    "https://deno.land/x/zod@v3.21.4/external.ts": "a6cfbd61e9e097d5f42f8a7ed6f92f93f51ff927d29c9fbaec04f03cbce130fe",
    "https://deno.land/x/zod@v3.21.4/helpers/enumUtil.ts": "54efc393cc9860e687d8b81ff52e980def00fa67377ad0bf8b3104f8a5bf698c",
    "https://deno.land/x/zod@v3.21.4/helpers/errorUtil.ts": "7a77328240be7b847af6de9189963bd9f79cab32bbc61502a9db4fe6683e2ea7",
    "https://deno.land/x/zod@v3.21.4/helpers/parseUtil.ts": "51a76c126ee212be86013d53a9d07f87e9ae04bb1496f2558e61b62cb74a6aa8",
    "https://deno.land/x/zod@v3.21.4/helpers/partialUtil.ts": "998c2fe79795257d4d1cf10361e74492f3b7d852f61057c7c08ac0a46488b7e7",
    "https://deno.land/x/zod@v3.21.4/helpers/typeAliases.ts": "0fda31a063c6736fc3cf9090dd94865c811dfff4f3cb8707b932bf937c6f2c3e",
    "https://deno.land/x/zod@v3.21.4/helpers/util.ts": "8baf19b19b2fca8424380367b90364b32503b6b71780269a6e3e67700bb02774",
    "https://deno.land/x/zod@v3.21.4/index.ts": "d27aabd973613985574bc31f39e45cb5d856aa122ef094a9f38a463b8ef1a268",
    "https://deno.land/x/zod@v3.21.4/locales/en.ts": "a7a25cd23563ccb5e0eed214d9b31846305ddbcdb9c5c8f508b108943366ab4c",
    "https://deno.land/x/zod@v3.21.4/mod.ts": "64e55237cb4410e17d968cd08975566059f27638ebb0b86048031b987ba251c4",
    "https://deno.land/x/zod@v3.21.4/types.ts": "b5d061babea250de14fc63764df5b3afa24f2b088a1d797fc060ba49a0ddff28"
  },
  "workspace": {
    "dependencies": [
      "jsr:@std/assert@1"
    ]
  }
}
